// !$*UTF8*$!
{
	archiveVersion = 1;
	classes = {
	};
	objectVersion = 46;
	objects = {

/* Begin PBXBuildFile section */
		ECDCC4E31DE4E8D9009A076B /* AppDelegate.swift in Sources */ = {isa = PBXBuildFile; fileRef = ECDCC4E21DE4E8D9009A076B /* AppDelegate.swift */; };
		ECDCC4E81DE4E8D9009A076B /* Main.storyboard in Resources */ = {isa = PBXBuildFile; fileRef = ECDCC4E61DE4E8D9009A076B /* Main.storyboard */; };
		ECDCC4EA1DE4E8D9009A076B /* Assets.xcassets in Resources */ = {isa = PBXBuildFile; fileRef = ECDCC4E91DE4E8D9009A076B /* Assets.xcassets */; };
		ECDCC4ED1DE4E8D9009A076B /* LaunchScreen.storyboard in Resources */ = {isa = PBXBuildFile; fileRef = ECDCC4EB1DE4E8D9009A076B /* LaunchScreen.storyboard */; };
		ECDCC4F51DE4E914009A076B /* TeathresTableViewController.swift in Sources */ = {isa = PBXBuildFile; fileRef = ECDCC4F41DE4E914009A076B /* TeathresTableViewController.swift */; };
		ECE34D441DE601BB0092B2A4 /* CitiesTableViewController.swift in Sources */ = {isa = PBXBuildFile; fileRef = ECE34D431DE601BB0092B2A4 /* CitiesTableViewController.swift */; };
		ECE34D461DE611370092B2A4 /* MoviesTableViewController.swift in Sources */ = {isa = PBXBuildFile; fileRef = ECE34D451DE611370092B2A4 /* MoviesTableViewController.swift */; };
/* End PBXBuildFile section */

/* Begin PBXFileReference section */
		ECDCC4DF1DE4E8D9009A076B /* GUIProject.app */ = {isa = PBXFileReference; explicitFileType = wrapper.application; includeInIndex = 0; path = GUIProject.app; sourceTree = BUILT_PRODUCTS_DIR; };
		ECDCC4E21DE4E8D9009A076B /* AppDelegate.swift */ = {isa = PBXFileReference; lastKnownFileType = sourcecode.swift; path = AppDelegate.swift; sourceTree = "<group>"; };
		ECDCC4E71DE4E8D9009A076B /* Base */ = {isa = PBXFileReference; lastKnownFileType = file.storyboard; name = Base; path = Base.lproj/Main.storyboard; sourceTree = "<group>"; };
		ECDCC4E91DE4E8D9009A076B /* Assets.xcassets */ = {isa = PBXFileReference; lastKnownFileType = folder.assetcatalog; path = Assets.xcassets; sourceTree = "<group>"; };
		ECDCC4EC1DE4E8D9009A076B /* Base */ = {isa = PBXFileReference; lastKnownFileType = file.storyboard; name = Base; path = Base.lproj/LaunchScreen.storyboard; sourceTree = "<group>"; };
		ECDCC4EE1DE4E8D9009A076B /* Info.plist */ = {isa = PBXFileReference; lastKnownFileType = text.plist.xml; path = Info.plist; sourceTree = "<group>"; };
		ECDCC4F41DE4E914009A076B /* TeathresTableViewController.swift */ = {isa = PBXFileReference; fileEncoding = 4; lastKnownFileType = sourcecode.swift; path = TeathresTableViewController.swift; sourceTree = "<group>"; };
		ECE34D431DE601BB0092B2A4 /* CitiesTableViewController.swift */ = {isa = PBXFileReference; fileEncoding = 4; lastKnownFileType = sourcecode.swift; path = CitiesTableViewController.swift; sourceTree = "<group>"; };
		ECE34D451DE611370092B2A4 /* MoviesTableViewController.swift */ = {isa = PBXFileReference; fileEncoding = 4; lastKnownFileType = sourcecode.swift; path = MoviesTableViewController.swift; sourceTree = "<group>"; };
/* End PBXFileReference section */

/* Begin PBXFrameworksBuildPhase section */
		ECDCC4DC1DE4E8D9009A076B /* Frameworks */ = {
			isa = PBXFrameworksBuildPhase;
			buildActionMask = 2147483647;
			files = (
			);
			runOnlyForDeploymentPostprocessing = 0;
		};
/* End PBXFrameworksBuildPhase section */

/* Begin PBXGroup section */
		ECDCC4D61DE4E8D8009A076B = {
			isa = PBXGroup;
			children = (
				ECDCC4E11DE4E8D9009A076B /* GUIProject */,
				ECDCC4E01DE4E8D9009A076B /* Products */,
			);
			sourceTree = "<group>";
		};
		ECDCC4E01DE4E8D9009A076B /* Products */ = {
			isa = PBXGroup;
			children = (
				ECDCC4DF1DE4E8D9009A076B /* GUIProject.app */,
			);
			name = Products;
			sourceTree = "<group>";
		};
		ECDCC4E11DE4E8D9009A076B /* GUIProject */ = {
			isa = PBXGroup;
			children = (
				ECDCC4E21DE4E8D9009A076B /* AppDelegate.swift */,
				ECDCC4F41DE4E914009A076B /* TeathresTableViewController.swift */,
				ECE34D431DE601BB0092B2A4 /* CitiesTableViewController.swift */,
				ECE34D451DE611370092B2A4 /* MoviesTableViewController.swift */,
				ECDCC4E61DE4E8D9009A076B /* Main.storyboard */,
				ECDCC4E91DE4E8D9009A076B /* Assets.xcassets */,
				ECDCC4EB1DE4E8D9009A076B /* LaunchScreen.storyboard */,
				ECDCC4EE1DE4E8D9009A076B /* Info.plist */,
			);
			path = GUIProject;
			sourceTree = "<group>";
		};
/* End PBXGroup section */

/* Begin PBXNativeTarget section */
		ECDCC4DE1DE4E8D9009A076B /* GUIProject */ = {
			isa = PBXNativeTarget;
			buildConfigurationList = ECDCC4F11DE4E8D9009A076B /* Build configuration list for PBXNativeTarget "GUIProject" */;
			buildPhases = (
				ECDCC4DB1DE4E8D9009A076B /* Sources */,
				ECDCC4DC1DE4E8D9009A076B /* Frameworks */,
				ECDCC4DD1DE4E8D9009A076B /* Resources */,
			);
			buildRules = (
			);
			dependencies = (
			);
			name = GUIProject;
			productName = GUIProject;
			productReference = ECDCC4DF1DE4E8D9009A076B /* GUIProject.app */;
			productType = "com.apple.product-type.application";
		};
/* End PBXNativeTarget section */

/* Begin PBXProject section */
		ECDCC4D71DE4E8D8009A076B /* Project object */ = {
			isa = PBXProject;
			attributes = {
				LastSwiftUpdateCheck = 0810;
				LastUpgradeCheck = 0810;
				ORGANIZATIONNAME = Matias;
				TargetAttributes = {
					ECDCC4DE1DE4E8D9009A076B = {
						CreatedOnToolsVersion = 8.1;
						DevelopmentTeam = PT98H6A5CY;
						ProvisioningStyle = Automatic;
					};
				};
			};
			buildConfigurationList = ECDCC4DA1DE4E8D8009A076B /* Build configuration list for PBXProject "GUIProject" */;
			compatibilityVersion = "Xcode 3.2";
			developmentRegion = English;
			hasScannedForEncodings = 0;
			knownRegions = (
				en,
				Base,
			);
			mainGroup = ECDCC4D61DE4E8D8009A076B;
			productRefGroup = ECDCC4E01DE4E8D9009A076B /* Products */;
			projectDirPath = "";
			projectRoot = "";
			targets = (
				ECDCC4DE1DE4E8D9009A076B /* GUIProject */,
			);
		};
/* End PBXProject section */

/* Begin PBXResourcesBuildPhase section */
		ECDCC4DD1DE4E8D9009A076B /* Resources */ = {
			isa = PBXResourcesBuildPhase;
			buildActionMask = 2147483647;
			files = (
				ECDCC4ED1DE4E8D9009A076B /* LaunchScreen.storyboard in Resources */,
				ECDCC4EA1DE4E8D9009A076B /* Assets.xcassets in Resources */,
				ECDCC4E81DE4E8D9009A076B /* Main.storyboard in Resources */,
			);
			runOnlyForDeploymentPostprocessing = 0;
		};
/* End PBXResourcesBuildPhase section */

/* Begin PBXSourcesBuildPhase section */
		ECDCC4DB1DE4E8D9009A076B /* Sources */ = {
			isa = PBXSourcesBuildPhase;
			buildActionMask = 2147483647;
			files = (
				ECE34D461DE611370092B2A4 /* MoviesTableViewController.swift in Sources */,
				ECDCC4F51DE4E914009A076B /* TeathresTableViewController.swift in Sources */,
				ECDCC4E31DE4E8D9009A076B /* AppDelegate.swift in Sources */,
				ECE34D441DE601BB0092B2A4 /* CitiesTableViewController.swift in Sources */,
			);
			runOnlyForDeploymentPostprocessing = 0;
		};
/* End PBXSourcesBuildPhase section */

/* Begin PBXVariantGroup section */
		ECDCC4E61DE4E8D9009A076B /* Main.storyboard */ = {
			isa = PBXVariantGroup;
			children = (
				ECDCC4E71DE4E8D9009A076B /* Base */,
			);
			name = Main.storyboard;
			sourceTree = "<group>";
		};
		ECDCC4EB1DE4E8D9009A076B /* LaunchScreen.storyboard */ = {
			isa = PBXVariantGroup;
			children = (
				ECDCC4EC1DE4E8D9009A076B /* Base */,
			);
			name = LaunchScreen.storyboard;
			sourceTree = "<group>";
		};
/* End PBXVariantGroup section */

/* Begin XCBuildConfiguration section */
		ECDCC4EF1DE4E8D9009A076B /* Debug */ = {
			isa = XCBuildConfiguration;
			buildSettings = {
				ALWAYS_SEARCH_USER_PATHS = NO;
				CLANG_ANALYZER_NONNULL = YES;
				CLANG_CXX_LANGUAGE_STANDARD = "gnu++0x";
				CLANG_CXX_LIBRARY = "libc++";
				CLANG_ENABLE_MODULES = YES;
				CLANG_ENABLE_OBJC_ARC = YES;
				CLANG_WARN_BOOL_CONVERSION = YES;
				CLANG_WARN_CONSTANT_CONVERSION = YES;
				CLANG_WARN_DIRECT_OBJC_ISA_USAGE = YES_ERROR;
				CLANG_WARN_DOCUMENTATION_COMMENTS = YES;
				CLANG_WARN_EMPTY_BODY = YES;
				CLANG_WARN_ENUM_CONVERSION = YES;
				CLANG_WARN_INFINITE_RECURSION = YES;
				CLANG_WARN_INT_CONVERSION = YES;
				CLANG_WARN_OBJC_ROOT_CLASS = YES_ERROR;
				CLANG_WARN_SUSPICIOUS_MOVES = YES;
				CLANG_WARN_UNREACHABLE_CODE = YES;
				CLANG_WARN__DUPLICATE_METHOD_MATCH = YES;
				"CODE_SIGN_IDENTITY[sdk=iphoneos*]" = "iPhone Developer";
				COPY_PHASE_STRIP = NO;
				DEBUG_INFORMATION_FORMAT = dwarf;
				ENABLE_STRICT_OBJC_MSGSEND = YES;
				ENABLE_TESTABILITY = YES;
				GCC_C_LANGUAGE_STANDARD = gnu99;
				GCC_DYNAMIC_NO_PIC = NO;
				GCC_NO_COMMON_BLOCKS = YES;
				GCC_OPTIMIZATION_LEVEL = 0;
				GCC_PREPROCESSOR_DEFINITIONS = (
					"DEBUG=1",
					"$(inherited)",
				);
				GCC_WARN_64_TO_32_BIT_CONVERSION = YES;
				GCC_WARN_ABOUT_RETURN_TYPE = YES_ERROR;
				GCC_WARN_UNDECLARED_SELECTOR = YES;
				GCC_WARN_UNINITIALIZED_AUTOS = YES_AGGRESSIVE;
				GCC_WARN_UNUSED_FUNCTION = YES;
				GCC_WARN_UNUSED_VARIABLE = YES;
				IPHONEOS_DEPLOYMENT_TARGET = 10.1;
				MTL_ENABLE_DEBUG_INFO = YES;
				ONLY_ACTIVE_ARCH = YES;
				SDKROOT = iphoneos;
				SWIFT_ACTIVE_COMPILATION_CONDITIONS = DEBUG;
				SWIFT_OPTIMIZATION_LEVEL = "-Onone";
			};
			name = Debug;
		};
		ECDCC4F01DE4E8D9009A076B /* Release */ = {
			isa = XCBuildConfiguration;
			buildSettings = {
				ALWAYS_SEARCH_USER_PATHS = NO;
				CLANG_ANALYZER_NONNULL = YES;
				CLANG_CXX_LANGUAGE_STANDARD = "gnu++0x";
				CLANG_CXX_LIBRARY = "libc++";
				CLANG_ENABLE_MODULES = YES;
				CLANG_ENABLE_OBJC_ARC = YES;
				CLANG_WARN_BOOL_CONVERSION = YES;
				CLANG_WARN_CONSTANT_CONVERSION = YES;
				CLANG_WARN_DIRECT_OBJC_ISA_USAGE = YES_ERROR;
				CLANG_WARN_DOCUMENTATION_COMMENTS = YES;
				CLANG_WARN_EMPTY_BODY = YES;
				CLANG_WARN_ENUM_CONVERSION = YES;
				CLANG_WARN_INFINITE_RECURSION = YES;
				CLANG_WARN_INT_CONVERSION = YES;
				CLANG_WARN_OBJC_ROOT_CLASS = YES_ERROR;
				CLANG_WARN_SUSPICIOUS_MOVES = YES;
				CLANG_WARN_UNREACHABLE_CODE = YES;
				CLANG_WARN__DUPLICATE_METHOD_MATCH = YES;
				"CODE_SIGN_IDENTITY[sdk=iphoneos*]" = "iPhone Developer";
				COPY_PHASE_STRIP = NO;
				DEBUG_INFORMATION_FORMAT = "dwarf-with-dsym";
				ENABLE_NS_ASSERTIONS = NO;
				ENABLE_STRICT_OBJC_MSGSEND = YES;
				GCC_C_LANGUAGE_STANDARD = gnu99;
				GCC_NO_COMMON_BLOCKS = YES;
				GCC_WARN_64_TO_32_BIT_CONVERSION = YES;
				GCC_WARN_ABOUT_RETURN_TYPE = YES_ERROR;
				GCC_WARN_UNDECLARED_SELECTOR = YES;
				GCC_WARN_UNINITIALIZED_AUTOS = YES_AGGRESSIVE;
				GCC_WARN_UNUSED_FUNCTION = YES;
				GCC_WARN_UNUSED_VARIABLE = YES;
				IPHONEOS_DEPLOYMENT_TARGET = 10.1;
				MTL_ENABLE_DEBUG_INFO = NO;
				SDKROOT = iphoneos;
				SWIFT_OPTIMIZATION_LEVEL = "-Owholemodule";
				VALIDATE_PRODUCT = YES;
			};
			name = Release;
		};
		ECDCC4F21DE4E8D9009A076B /* Debug */ = {
			isa = XCBuildConfiguration;
			buildSettings = {
				ASSETCATALOG_COMPILER_APPICON_NAME = AppIcon;
				DEVELOPMENT_TEAM = PT98H6A5CY;
				INFOPLIST_FILE = GUIProject/Info.plist;
				LD_RUNPATH_SEARCH_PATHS = "$(inherited) @executable_path/Frameworks";
				PRODUCT_BUNDLE_IDENTIFIER = com.matiasdim.GUIProject;
				PRODUCT_NAME = "$(TARGET_NAME)";
				SWIFT_VERSION = 3.0;
			};
			name = Debug;
		};
		ECDCC4F31DE4E8D9009A076B /* Release */ = {
			isa = XCBuildConfiguration;
			buildSettings = {
				ASSETCATALOG_COMPILER_APPICON_NAME = AppIcon;
				DEVELOPMENT_TEAM = PT98H6A5CY;
				INFOPLIST_FILE = GUIProject/Info.plist;
				LD_RUNPATH_SEARCH_PATHS = "$(inherited) @executable_path/Frameworks";
				PRODUCT_BUNDLE_IDENTIFIER = com.matiasdim.GUIProject;
				PRODUCT_NAME = "$(TARGET_NAME)";
				SWIFT_VERSION = 3.0;
			};
			name = Release;
		};
/* End XCBuildConfiguration section */

/* Begin XCConfigurationList section */
		ECDCC4DA1DE4E8D8009A076B /* Build configuration list for PBXProject "GUIProject" */ = {
			isa = XCConfigurationList;
			buildConfigurations = (
				ECDCC4EF1DE4E8D9009A076B /* Debug */,
				ECDCC4F01DE4E8D9009A076B /* Release */,
			);
			defaultConfigurationIsVisible = 0;
			defaultConfigurationName = Release;
		};
		ECDCC4F11DE4E8D9009A076B /* Build configuration list for PBXNativeTarget "GUIProject" */ = {
			isa = XCConfigurationList;
			buildConfigurations = (
				ECDCC4F21DE4E8D9009A076B /* Debug */,
				ECDCC4F31DE4E8D9009A076B /* Release */,
			);
			defaultConfigurationIsVisible = 0;
			defaultConfigurationName = Release;
		};
/* End XCConfigurationList section */
	};
	rootObject = ECDCC4D71DE4E8D8009A076B /* Project object */;
}
